// !$*UTF8*$!
{
	archiveVersion = 1;
	classes = {
	};
	objectVersion = 50;
	objects = {

/* Begin PBXBuildFile section */
		034528C4226FEC0E00826BD4 /* RSSChannelCollectionViewCell.swift in Sources */ = {isa = PBXBuildFile; fileRef = 034528C2226FEC0E00826BD4 /* RSSChannelCollectionViewCell.swift */; };
		034528C5226FEC0E00826BD4 /* RSSChannelCollectionViewCell.xib in Resources */ = {isa = PBXBuildFile; fileRef = 034528C3226FEC0E00826BD4 /* RSSChannelCollectionViewCell.xib */; };
		034528C8226FEC4E00826BD4 /* RSSFeedCollectionViewCell.swift in Sources */ = {isa = PBXBuildFile; fileRef = 034528C6226FEC4E00826BD4 /* RSSFeedCollectionViewCell.swift */; };
		034528C9226FEC4E00826BD4 /* RSSFeedCollectionViewCell.xib in Resources */ = {isa = PBXBuildFile; fileRef = 034528C7226FEC4E00826BD4 /* RSSFeedCollectionViewCell.xib */; };
		03543D012270A01100B72DCB /* ChannelsViewController.swift in Sources */ = {isa = PBXBuildFile; fileRef = 03543D002270A01100B72DCB /* ChannelsViewController.swift */; };
		03543D042270A0D900B72DCB /* RSSChannel.swift in Sources */ = {isa = PBXBuildFile; fileRef = 03543D032270A0D900B72DCB /* RSSChannel.swift */; };
		03543D072270A95600B72DCB /* DefaultsUtils.swift in Sources */ = {isa = PBXBuildFile; fileRef = 03543D062270A95600B72DCB /* DefaultsUtils.swift */; };
		03543D092270B07F00B72DCB /* InnerNotification.swift in Sources */ = {isa = PBXBuildFile; fileRef = 03543D082270B07F00B72DCB /* InnerNotification.swift */; };
		03543D0B2270B23600B72DCB /* Utils.swift in Sources */ = {isa = PBXBuildFile; fileRef = 03543D0A2270B23600B72DCB /* Utils.swift */; };
		03543D0D2270BD5100B72DCB /* RSSParcer.swift in Sources */ = {isa = PBXBuildFile; fileRef = 03543D0C2270BD5100B72DCB /* RSSParcer.swift */; };
		03543D0F2270D91500B72DCB /* MainViewController.swift in Sources */ = {isa = PBXBuildFile; fileRef = 03543D0E2270D91500B72DCB /* MainViewController.swift */; };
		03543D112270E30200B72DCB /* WeakRef.swift in Sources */ = {isa = PBXBuildFile; fileRef = 03543D102270E30200B72DCB /* WeakRef.swift */; };
		038BB3F7226FE55600C1C542 /* AppDelegate.swift in Sources */ = {isa = PBXBuildFile; fileRef = 038BB3F6226FE55600C1C542 /* AppDelegate.swift */; };
		038BB3F9226FE55600C1C542 /* FeedViewController.swift in Sources */ = {isa = PBXBuildFile; fileRef = 038BB3F8226FE55600C1C542 /* FeedViewController.swift */; };
		038BB3FC226FE55700C1C542 /* Main.storyboard in Resources */ = {isa = PBXBuildFile; fileRef = 038BB3FA226FE55700C1C542 /* Main.storyboard */; };
		038BB3FE226FE55800C1C542 /* Assets.xcassets in Resources */ = {isa = PBXBuildFile; fileRef = 038BB3FD226FE55800C1C542 /* Assets.xcassets */; };
		038BB401226FE55800C1C542 /* LaunchScreen.storyboard in Resources */ = {isa = PBXBuildFile; fileRef = 038BB3FF226FE55800C1C542 /* LaunchScreen.storyboard */; };
		03AB1AFF227204D900CEE83D /* WebViewViewController.swift in Sources */ = {isa = PBXBuildFile; fileRef = 03AB1AFE227204D900CEE83D /* WebViewViewController.swift */; };
		B4BF7CBE33234D61BB2A8524 /* Pods_RSSReader.framework in Frameworks */ = {isa = PBXBuildFile; fileRef = 341DE43B56391EA2D114C494 /* Pods_RSSReader.framework */; };
/* End PBXBuildFile section */

/* Begin PBXFileReference section */
		034528C2226FEC0E00826BD4 /* RSSChannelCollectionViewCell.swift */ = {isa = PBXFileReference; lastKnownFileType = sourcecode.swift; path = RSSChannelCollectionViewCell.swift; sourceTree = "<group>"; };
		034528C3226FEC0E00826BD4 /* RSSChannelCollectionViewCell.xib */ = {isa = PBXFileReference; lastKnownFileType = file.xib; path = RSSChannelCollectionViewCell.xib; sourceTree = "<group>"; };
		034528C6226FEC4E00826BD4 /* RSSFeedCollectionViewCell.swift */ = {isa = PBXFileReference; lastKnownFileType = sourcecode.swift; path = RSSFeedCollectionViewCell.swift; sourceTree = "<group>"; };
		034528C7226FEC4E00826BD4 /* RSSFeedCollectionViewCell.xib */ = {isa = PBXFileReference; lastKnownFileType = file.xib; path = RSSFeedCollectionViewCell.xib; sourceTree = "<group>"; };
		03543D002270A01100B72DCB /* ChannelsViewController.swift */ = {isa = PBXFileReference; lastKnownFileType = sourcecode.swift; path = ChannelsViewController.swift; sourceTree = "<group>"; };
		03543D032270A0D900B72DCB /* RSSChannel.swift */ = {isa = PBXFileReference; lastKnownFileType = sourcecode.swift; path = RSSChannel.swift; sourceTree = "<group>"; };
		03543D062270A95600B72DCB /* DefaultsUtils.swift */ = {isa = PBXFileReference; lastKnownFileType = sourcecode.swift; path = DefaultsUtils.swift; sourceTree = "<group>"; };
		03543D082270B07F00B72DCB /* InnerNotification.swift */ = {isa = PBXFileReference; lastKnownFileType = sourcecode.swift; path = InnerNotification.swift; sourceTree = "<group>"; };
		03543D0A2270B23600B72DCB /* Utils.swift */ = {isa = PBXFileReference; lastKnownFileType = sourcecode.swift; path = Utils.swift; sourceTree = "<group>"; };
		03543D0C2270BD5100B72DCB /* RSSParcer.swift */ = {isa = PBXFileReference; lastKnownFileType = sourcecode.swift; path = RSSParcer.swift; sourceTree = "<group>"; };
		03543D0E2270D91500B72DCB /* MainViewController.swift */ = {isa = PBXFileReference; lastKnownFileType = sourcecode.swift; path = MainViewController.swift; sourceTree = "<group>"; };
		03543D102270E30200B72DCB /* WeakRef.swift */ = {isa = PBXFileReference; fileEncoding = 4; lastKnownFileType = sourcecode.swift; path = WeakRef.swift; sourceTree = "<group>"; };
		038BB3F3226FE55600C1C542 /* RSSReader.app */ = {isa = PBXFileReference; explicitFileType = wrapper.application; includeInIndex = 0; path = RSSReader.app; sourceTree = BUILT_PRODUCTS_DIR; };
		038BB3F6226FE55600C1C542 /* AppDelegate.swift */ = {isa = PBXFileReference; lastKnownFileType = sourcecode.swift; path = AppDelegate.swift; sourceTree = "<group>"; };
		038BB3F8226FE55600C1C542 /* FeedViewController.swift */ = {isa = PBXFileReference; lastKnownFileType = sourcecode.swift; path = FeedViewController.swift; sourceTree = "<group>"; };
		038BB3FB226FE55700C1C542 /* Base */ = {isa = PBXFileReference; lastKnownFileType = file.storyboard; name = Base; path = Base.lproj/Main.storyboard; sourceTree = "<group>"; };
		038BB3FD226FE55800C1C542 /* Assets.xcassets */ = {isa = PBXFileReference; lastKnownFileType = folder.assetcatalog; path = Assets.xcassets; sourceTree = "<group>"; };
		038BB400226FE55800C1C542 /* Base */ = {isa = PBXFileReference; lastKnownFileType = file.storyboard; name = Base; path = Base.lproj/LaunchScreen.storyboard; sourceTree = "<group>"; };
		038BB402226FE55800C1C542 /* Info.plist */ = {isa = PBXFileReference; lastKnownFileType = text.plist.xml; path = Info.plist; sourceTree = "<group>"; };
		03AB1AFE227204D900CEE83D /* WebViewViewController.swift */ = {isa = PBXFileReference; lastKnownFileType = sourcecode.swift; path = WebViewViewController.swift; sourceTree = "<group>"; };
		341DE43B56391EA2D114C494 /* Pods_RSSReader.framework */ = {isa = PBXFileReference; explicitFileType = wrapper.framework; includeInIndex = 0; path = Pods_RSSReader.framework; sourceTree = BUILT_PRODUCTS_DIR; };
		69ECB36E377C2CF53634793B /* Pods-RSSReader.debug.xcconfig */ = {isa = PBXFileReference; includeInIndex = 1; lastKnownFileType = text.xcconfig; name = "Pods-RSSReader.debug.xcconfig"; path = "Pods/Target Support Files/Pods-RSSReader/Pods-RSSReader.debug.xcconfig"; sourceTree = "<group>"; };
		9A2F26C845F973609CFDACBF /* Pods-RSSReader.release.xcconfig */ = {isa = PBXFileReference; includeInIndex = 1; lastKnownFileType = text.xcconfig; name = "Pods-RSSReader.release.xcconfig"; path = "Pods/Target Support Files/Pods-RSSReader/Pods-RSSReader.release.xcconfig"; sourceTree = "<group>"; };
/* End PBXFileReference section */

/* Begin PBXFrameworksBuildPhase section */
		038BB3F0226FE55600C1C542 /* Frameworks */ = {
			isa = PBXFrameworksBuildPhase;
			buildActionMask = 2147483647;
			files = (
				B4BF7CBE33234D61BB2A8524 /* Pods_RSSReader.framework in Frameworks */,
			);
			runOnlyForDeploymentPostprocessing = 0;
		};
/* End PBXFrameworksBuildPhase section */

/* Begin PBXGroup section */
		034528C1226FEBE000826BD4 /* Views */ = {
			isa = PBXGroup;
			children = (
				034528C2226FEC0E00826BD4 /* RSSChannelCollectionViewCell.swift */,
				034528C3226FEC0E00826BD4 /* RSSChannelCollectionViewCell.xib */,
				034528C6226FEC4E00826BD4 /* RSSFeedCollectionViewCell.swift */,
				034528C7226FEC4E00826BD4 /* RSSFeedCollectionViewCell.xib */,
			);
			path = Views;
			sourceTree = "<group>";
		};
		03543D022270A0BC00B72DCB /* Models */ = {
			isa = PBXGroup;
			children = (
				03543D032270A0D900B72DCB /* RSSChannel.swift */,
				03543D0C2270BD5100B72DCB /* RSSParcer.swift */,
			);
			path = Models;
			sourceTree = "<group>";
		};
		03543D052270A8F100B72DCB /* Utils */ = {
			isa = PBXGroup;
			children = (
				03543D062270A95600B72DCB /* DefaultsUtils.swift */,
				03543D082270B07F00B72DCB /* InnerNotification.swift */,
				03543D0A2270B23600B72DCB /* Utils.swift */,
				03543D102270E30200B72DCB /* WeakRef.swift */,
			);
			path = Utils;
			sourceTree = "<group>";
		};
		038BB3EA226FE55600C1C542 = {
			isa = PBXGroup;
			children = (
				038BB3F5226FE55600C1C542 /* RSSReader */,
				038BB3F4226FE55600C1C542 /* Products */,
				A911B1FFB24B68B01A61E3F1 /* Pods */,
				F91FB8D2E474D51BBA353C5B /* Frameworks */,
			);
			sourceTree = "<group>";
		};
		038BB3F4226FE55600C1C542 /* Products */ = {
			isa = PBXGroup;
			children = (
				038BB3F3226FE55600C1C542 /* RSSReader.app */,
			);
			name = Products;
			sourceTree = "<group>";
		};
		038BB3F5226FE55600C1C542 /* RSSReader */ = {
			isa = PBXGroup;
			children = (
				038BB3F6226FE55600C1C542 /* AppDelegate.swift */,
				038BB3FA226FE55700C1C542 /* Main.storyboard */,
				03543D0E2270D91500B72DCB /* MainViewController.swift */,
				038BB3F8226FE55600C1C542 /* FeedViewController.swift */,
				03543D002270A01100B72DCB /* ChannelsViewController.swift */,
				03AB1AFE227204D900CEE83D /* WebViewViewController.swift */,
				034528C1226FEBE000826BD4 /* Views */,
				03543D022270A0BC00B72DCB /* Models */,
				03543D052270A8F100B72DCB /* Utils */,
				038BB3FD226FE55800C1C542 /* Assets.xcassets */,
				038BB3FF226FE55800C1C542 /* LaunchScreen.storyboard */,
				038BB402226FE55800C1C542 /* Info.plist */,
			);
			path = RSSReader;
			sourceTree = "<group>";
		};
		A911B1FFB24B68B01A61E3F1 /* Pods */ = {
			isa = PBXGroup;
			children = (
				69ECB36E377C2CF53634793B /* Pods-RSSReader.debug.xcconfig */,
				9A2F26C845F973609CFDACBF /* Pods-RSSReader.release.xcconfig */,
			);
			name = Pods;
			sourceTree = "<group>";
		};
		F91FB8D2E474D51BBA353C5B /* Frameworks */ = {
			isa = PBXGroup;
			children = (
				341DE43B56391EA2D114C494 /* Pods_RSSReader.framework */,
			);
			name = Frameworks;
			sourceTree = "<group>";
		};
/* End PBXGroup section */

/* Begin PBXNativeTarget section */
		038BB3F2226FE55600C1C542 /* RSSReader */ = {
			isa = PBXNativeTarget;
			buildConfigurationList = 038BB405226FE55800C1C542 /* Build configuration list for PBXNativeTarget "RSSReader" */;
			buildPhases = (
				22338C44AF17FF315D794329 /* [CP] Check Pods Manifest.lock */,
				038BB408226FE7C100C1C542 /* Swiftlint */,
				038BB3EF226FE55600C1C542 /* Sources */,
				038BB3F0226FE55600C1C542 /* Frameworks */,
				038BB3F1226FE55600C1C542 /* Resources */,
				1582645D5F09A0C21E2A2BD6 /* [CP] Embed Pods Frameworks */,
			);
			buildRules = (
			);
			dependencies = (
			);
			name = RSSReader;
			productName = RSSReader;
			productReference = 038BB3F3226FE55600C1C542 /* RSSReader.app */;
			productType = "com.apple.product-type.application";
		};
/* End PBXNativeTarget section */

/* Begin PBXProject section */
		038BB3EB226FE55600C1C542 /* Project object */ = {
			isa = PBXProject;
			attributes = {
				LastSwiftUpdateCheck = 1020;
				LastUpgradeCheck = 1020;
				TargetAttributes = {
					038BB3F2226FE55600C1C542 = {
						CreatedOnToolsVersion = 10.2.1;
					};
				};
			};
			buildConfigurationList = 038BB3EE226FE55600C1C542 /* Build configuration list for PBXProject "RSSReader" */;
			compatibilityVersion = "Xcode 9.3";
			developmentRegion = en;
			hasScannedForEncodings = 0;
			knownRegions = (
				en,
				Base,
			);
			mainGroup = 038BB3EA226FE55600C1C542;
			productRefGroup = 038BB3F4226FE55600C1C542 /* Products */;
			projectDirPath = "";
			projectRoot = "";
			targets = (
				038BB3F2226FE55600C1C542 /* RSSReader */,
			);
		};
/* End PBXProject section */

/* Begin PBXResourcesBuildPhase section */
		038BB3F1226FE55600C1C542 /* Resources */ = {
			isa = PBXResourcesBuildPhase;
			buildActionMask = 2147483647;
			files = (
				038BB401226FE55800C1C542 /* LaunchScreen.storyboard in Resources */,
				034528C9226FEC4E00826BD4 /* RSSFeedCollectionViewCell.xib in Resources */,
				038BB3FE226FE55800C1C542 /* Assets.xcassets in Resources */,
				034528C5226FEC0E00826BD4 /* RSSChannelCollectionViewCell.xib in Resources */,
				038BB3FC226FE55700C1C542 /* Main.storyboard in Resources */,
			);
			runOnlyForDeploymentPostprocessing = 0;
		};
/* End PBXResourcesBuildPhase section */

/* Begin PBXShellScriptBuildPhase section */
		038BB408226FE7C100C1C542 /* Swiftlint */ = {
			isa = PBXShellScriptBuildPhase;
			buildActionMask = 2147483647;
			files = (
			);
			inputFileListPaths = (
			);
			inputPaths = (
			);
			name = Swiftlint;
			outputFileListPaths = (
			);
			outputPaths = (
			);
			runOnlyForDeploymentPostprocessing = 0;
			shellPath = /bin/sh;
			shellScript = "if which swiftlint >/dev/null; then\nswiftlint\nelse\necho \"warning: SwiftLint not installed, download from https://github.com/realm/SwiftLint\"\nfi\n";
		};
		1582645D5F09A0C21E2A2BD6 /* [CP] Embed Pods Frameworks */ = {
			isa = PBXShellScriptBuildPhase;
			buildActionMask = 2147483647;
			files = (
			);
			inputFileListPaths = (
			);
			inputPaths = (
				"${SRCROOT}/Pods/Target Support Files/Pods-RSSReader/Pods-RSSReader-frameworks.sh",
				"${BUILT_PRODUCTS_DIR}/MWFeedParser/MWFeedParser.framework",
				"${BUILT_PRODUCTS_DIR}/Nuke/Nuke.framework",
			);
			name = "[CP] Embed Pods Frameworks";
			outputFileListPaths = (
			);
			outputPaths = (
				"${TARGET_BUILD_DIR}/${FRAMEWORKS_FOLDER_PATH}/MWFeedParser.framework",
				"${TARGET_BUILD_DIR}/${FRAMEWORKS_FOLDER_PATH}/Nuke.framework",
			);
			runOnlyForDeploymentPostprocessing = 0;
			shellPath = /bin/sh;
			shellScript = "\"${SRCROOT}/Pods/Target Support Files/Pods-RSSReader/Pods-RSSReader-frameworks.sh\"\n";
			showEnvVarsInLog = 0;
		};
		22338C44AF17FF315D794329 /* [CP] Check Pods Manifest.lock */ = {
			isa = PBXShellScriptBuildPhase;
			buildActionMask = 2147483647;
			files = (
			);
			inputFileListPaths = (
			);
			inputPaths = (
				"${PODS_PODFILE_DIR_PATH}/Podfile.lock",
				"${PODS_ROOT}/Manifest.lock",
			);
			name = "[CP] Check Pods Manifest.lock";
			outputFileListPaths = (
			);
			outputPaths = (
				"$(DERIVED_FILE_DIR)/Pods-RSSReader-checkManifestLockResult.txt",
			);
			runOnlyForDeploymentPostprocessing = 0;
			shellPath = /bin/sh;
			shellScript = "diff \"${PODS_PODFILE_DIR_PATH}/Podfile.lock\" \"${PODS_ROOT}/Manifest.lock\" > /dev/null\nif [ $? != 0 ] ; then\n    # print error to STDERR\n    echo \"error: The sandbox is not in sync with the Podfile.lock. Run 'pod install' or update your CocoaPods installation.\" >&2\n    exit 1\nfi\n# This output is used by Xcode 'outputs' to avoid re-running this script phase.\necho \"SUCCESS\" > \"${SCRIPT_OUTPUT_FILE_0}\"\n";
			showEnvVarsInLog = 0;
		};
/* End PBXShellScriptBuildPhase section */

/* Begin PBXSourcesBuildPhase section */
		038BB3EF226FE55600C1C542 /* Sources */ = {
			isa = PBXSourcesBuildPhase;
			buildActionMask = 2147483647;
			files = (
				03543D012270A01100B72DCB /* ChannelsViewController.swift in Sources */,
				03543D0F2270D91500B72DCB /* MainViewController.swift in Sources */,
				034528C4226FEC0E00826BD4 /* RSSChannelCollectionViewCell.swift in Sources */,
				03543D0B2270B23600B72DCB /* Utils.swift in Sources */,
				034528C8226FEC4E00826BD4 /* RSSFeedCollectionViewCell.swift in Sources */,
				03543D112270E30200B72DCB /* WeakRef.swift in Sources */,
				03543D072270A95600B72DCB /* DefaultsUtils.swift in Sources */,
				038BB3F9226FE55600C1C542 /* FeedViewController.swift in Sources */,
				03AB1AFF227204D900CEE83D /* WebViewViewController.swift in Sources */,
				03543D092270B07F00B72DCB /* InnerNotification.swift in Sources */,
				03543D042270A0D900B72DCB /* RSSChannel.swift in Sources */,
				038BB3F7226FE55600C1C542 /* AppDelegate.swift in Sources */,
				03543D0D2270BD5100B72DCB /* RSSParcer.swift in Sources */,
			);
			runOnlyForDeploymentPostprocessing = 0;
		};
/* End PBXSourcesBuildPhase section */

/* Begin PBXVariantGroup section */
		038BB3FA226FE55700C1C542 /* Main.storyboard */ = {
			isa = PBXVariantGroup;
			children = (
				038BB3FB226FE55700C1C542 /* Base */,
			);
			name = Main.storyboard;
			sourceTree = "<group>";
		};
		038BB3FF226FE55800C1C542 /* LaunchScreen.storyboard */ = {
			isa = PBXVariantGroup;
			children = (
				038BB400226FE55800C1C542 /* Base */,
			);
			name = LaunchScreen.storyboard;
			sourceTree = "<group>";
		};
/* End PBXVariantGroup section */

/* Begin XCBuildConfiguration section */
		038BB403226FE55800C1C542 /* Debug */ = {
			isa = XCBuildConfiguration;
			buildSettings = {
				ALWAYS_SEARCH_USER_PATHS = NO;
				CLANG_ANALYZER_NONNULL = YES;
				CLANG_ANALYZER_NUMBER_OBJECT_CONVERSION = YES_AGGRESSIVE;
				CLANG_CXX_LANGUAGE_STANDARD = "gnu++14";
				CLANG_CXX_LIBRARY = "libc++";
				CLANG_ENABLE_MODULES = YES;
				CLANG_ENABLE_OBJC_ARC = YES;
				CLANG_ENABLE_OBJC_WEAK = YES;
				CLANG_WARN_BLOCK_CAPTURE_AUTORELEASING = YES;
				CLANG_WARN_BOOL_CONVERSION = YES;
				CLANG_WARN_COMMA = YES;
				CLANG_WARN_CONSTANT_CONVERSION = YES;
				CLANG_WARN_DEPRECATED_OBJC_IMPLEMENTATIONS = YES;
				CLANG_WARN_DIRECT_OBJC_ISA_USAGE = YES_ERROR;
				CLANG_WARN_DOCUMENTATION_COMMENTS = YES;
				CLANG_WARN_EMPTY_BODY = YES;
				CLANG_WARN_ENUM_CONVERSION = YES;
				CLANG_WARN_INFINITE_RECURSION = YES;
				CLANG_WARN_INT_CONVERSION = YES;
				CLANG_WARN_NON_LITERAL_NULL_CONVERSION = YES;
				CLANG_WARN_OBJC_IMPLICIT_RETAIN_SELF = YES;
				CLANG_WARN_OBJC_LITERAL_CONVERSION = YES;
				CLANG_WARN_OBJC_ROOT_CLASS = YES_ERROR;
				CLANG_WARN_RANGE_LOOP_ANALYSIS = YES;
				CLANG_WARN_STRICT_PROTOTYPES = YES;
				CLANG_WARN_SUSPICIOUS_MOVE = YES;
				CLANG_WARN_UNGUARDED_AVAILABILITY = YES_AGGRESSIVE;
				CLANG_WARN_UNREACHABLE_CODE = YES;
				CLANG_WARN__DUPLICATE_METHOD_MATCH = YES;
				CODE_SIGN_IDENTITY = "iPhone Developer";
				COPY_PHASE_STRIP = NO;
				DEBUG_INFORMATION_FORMAT = dwarf;
				ENABLE_STRICT_OBJC_MSGSEND = YES;
				ENABLE_TESTABILITY = YES;
				GCC_C_LANGUAGE_STANDARD = gnu11;
				GCC_DYNAMIC_NO_PIC = NO;
				GCC_NO_COMMON_BLOCKS = YES;
				GCC_OPTIMIZATION_LEVEL = 0;
				GCC_PREPROCESSOR_DEFINITIONS = (
					"DEBUG=1",
					"$(inherited)",
				);
				GCC_WARN_64_TO_32_BIT_CONVERSION = YES;
				GCC_WARN_ABOUT_RETURN_TYPE = YES_ERROR;
				GCC_WARN_UNDECLARED_SELECTOR = YES;
				GCC_WARN_UNINITIALIZED_AUTOS = YES_AGGRESSIVE;
				GCC_WARN_UNUSED_FUNCTION = YES;
				GCC_WARN_UNUSED_VARIABLE = YES;
				IPHONEOS_DEPLOYMENT_TARGET = 12.2;
				MTL_ENABLE_DEBUG_INFO = INCLUDE_SOURCE;
				MTL_FAST_MATH = YES;
				ONLY_ACTIVE_ARCH = YES;
				SDKROOT = iphoneos;
				SWIFT_ACTIVE_COMPILATION_CONDITIONS = DEBUG;
				SWIFT_OPTIMIZATION_LEVEL = "-Onone";
			};
			name = Debug;
		};
		038BB404226FE55800C1C542 /* Release */ = {
			isa = XCBuildConfiguration;
			buildSettings = {
				ALWAYS_SEARCH_USER_PATHS = NO;
				CLANG_ANALYZER_NONNULL = YES;
				CLANG_ANALYZER_NUMBER_OBJECT_CONVERSION = YES_AGGRESSIVE;
				CLANG_CXX_LANGUAGE_STANDARD = "gnu++14";
				CLANG_CXX_LIBRARY = "libc++";
				CLANG_ENABLE_MODULES = YES;
				CLANG_ENABLE_OBJC_ARC = YES;
				CLANG_ENABLE_OBJC_WEAK = YES;
				CLANG_WARN_BLOCK_CAPTURE_AUTORELEASING = YES;
				CLANG_WARN_BOOL_CONVERSION = YES;
				CLANG_WARN_COMMA = YES;
				CLANG_WARN_CONSTANT_CONVERSION = YES;
				CLANG_WARN_DEPRECATED_OBJC_IMPLEMENTATIONS = YES;
				CLANG_WARN_DIRECT_OBJC_ISA_USAGE = YES_ERROR;
				CLANG_WARN_DOCUMENTATION_COMMENTS = YES;
				CLANG_WARN_EMPTY_BODY = YES;
				CLANG_WARN_ENUM_CONVERSION = YES;
				CLANG_WARN_INFINITE_RECURSION = YES;
				CLANG_WARN_INT_CONVERSION = YES;
				CLANG_WARN_NON_LITERAL_NULL_CONVERSION = YES;
				CLANG_WARN_OBJC_IMPLICIT_RETAIN_SELF = YES;
				CLANG_WARN_OBJC_LITERAL_CONVERSION = YES;
				CLANG_WARN_OBJC_ROOT_CLASS = YES_ERROR;
				CLANG_WARN_RANGE_LOOP_ANALYSIS = YES;
				CLANG_WARN_STRICT_PROTOTYPES = YES;
				CLANG_WARN_SUSPICIOUS_MOVE = YES;
				CLANG_WARN_UNGUARDED_AVAILABILITY = YES_AGGRESSIVE;
				CLANG_WARN_UNREACHABLE_CODE = YES;
				CLANG_WARN__DUPLICATE_METHOD_MATCH = YES;
				CODE_SIGN_IDENTITY = "iPhone Developer";
				COPY_PHASE_STRIP = NO;
				DEBUG_INFORMATION_FORMAT = "dwarf-with-dsym";
				ENABLE_NS_ASSERTIONS = NO;
				ENABLE_STRICT_OBJC_MSGSEND = YES;
				GCC_C_LANGUAGE_STANDARD = gnu11;
				GCC_NO_COMMON_BLOCKS = YES;
				GCC_WARN_64_TO_32_BIT_CONVERSION = YES;
				GCC_WARN_ABOUT_RETURN_TYPE = YES_ERROR;
				GCC_WARN_UNDECLARED_SELECTOR = YES;
				GCC_WARN_UNINITIALIZED_AUTOS = YES_AGGRESSIVE;
				GCC_WARN_UNUSED_FUNCTION = YES;
				GCC_WARN_UNUSED_VARIABLE = YES;
				IPHONEOS_DEPLOYMENT_TARGET = 12.2;
				MTL_ENABLE_DEBUG_INFO = NO;
				MTL_FAST_MATH = YES;
				SDKROOT = iphoneos;
				SWIFT_COMPILATION_MODE = wholemodule;
				SWIFT_OPTIMIZATION_LEVEL = "-O";
				VALIDATE_PRODUCT = YES;
			};
			name = Release;
		};
		038BB406226FE55800C1C542 /* Debug */ = {
			isa = XCBuildConfiguration;
			baseConfigurationReference = 69ECB36E377C2CF53634793B /* Pods-RSSReader.debug.xcconfig */;
			buildSettings = {
				ASSETCATALOG_COMPILER_APPICON_NAME = AppIcon;
				CODE_SIGN_STYLE = Automatic;
				DEVELOPMENT_TEAM = 3686T462U3;
				INFOPLIST_FILE = RSSReader/Info.plist;
				IPHONEOS_DEPLOYMENT_TARGET = 10.0;
				LD_RUNPATH_SEARCH_PATHS = (
					"$(inherited)",
					"@executable_path/Frameworks",
				);
				PRODUCT_BUNDLE_IDENTIFIER = "com.astrum-vitriolum.rss-reader";
				PRODUCT_NAME = "$(TARGET_NAME)";
				SWIFT_VERSION = 5.0;
				TARGETED_DEVICE_FAMILY = 1;
			};
			name = Debug;
		};
		038BB407226FE55800C1C542 /* Release */ = {
			isa = XCBuildConfiguration;
			baseConfigurationReference = 9A2F26C845F973609CFDACBF /* Pods-RSSReader.release.xcconfig */;
			buildSettings = {
				ASSETCATALOG_COMPILER_APPICON_NAME = AppIcon;
				CODE_SIGN_STYLE = Automatic;
				DEVELOPMENT_TEAM = 3686T462U3;
				INFOPLIST_FILE = RSSReader/Info.plist;
				IPHONEOS_DEPLOYMENT_TARGET = 10.0;
				LD_RUNPATH_SEARCH_PATHS = (
					"$(inherited)",
					"@executable_path/Frameworks",
				);
				PRODUCT_BUNDLE_IDENTIFIER = "com.astrum-vitriolum.rss-reader";
				PRODUCT_NAME = "$(TARGET_NAME)";
				SWIFT_VERSION = 5.0;
				TARGETED_DEVICE_FAMILY = 1;
			};
			name = Release;
		};
/* End XCBuildConfiguration section */

/* Begin XCConfigurationList section */
		038BB3EE226FE55600C1C542 /* Build configuration list for PBXProject "RSSReader" */ = {
			isa = XCConfigurationList;
			buildConfigurations = (
				038BB403226FE55800C1C542 /* Debug */,
				038BB404226FE55800C1C542 /* Release */,
			);
			defaultConfigurationIsVisible = 0;
			defaultConfigurationName = Release;
		};
		038BB405226FE55800C1C542 /* Build configuration list for PBXNativeTarget "RSSReader" */ = {
			isa = XCConfigurationList;
			buildConfigurations = (
				038BB406226FE55800C1C542 /* Debug */,
				038BB407226FE55800C1C542 /* Release */,
			);
			defaultConfigurationIsVisible = 0;
			defaultConfigurationName = Release;
		};
/* End XCConfigurationList section */
	};
	rootObject = 038BB3EB226FE55600C1C542 /* Project object */;
}
